
Microsoft Visual Studio Solution File, Format Version 12.00
# Visual Studio Version 17
VisualStudioVersion = 17.1.32228.430
MinimumVisualStudioVersion = 10.0.40219.1
Project("{FAE04EC0-301F-11D3-BF4B-00C04F79EFBC}") = "DAEA-Lab03", "DAEA-Lab03\DAEA-Lab03.csproj", "{C345BACC-4A8D-4BC2-B057-DCE380548E87}"
EndProject
Global
	GlobalSection(SolutionConfigurationPlatforms) = preSolution
		Debug|Any CPU = Debug|Any CPU
		Release|Any CPU = Release|Any CPU
	EndGlobalSection
	GlobalSection(ProjectConfigurationPlatforms) = postSolution
		{C345BACC-4A8D-4BC2-B057-DCE380548E87}.Debug|Any CPU.ActiveCfg = Debug|Any CPU
		{C345BACC-4A8D-4BC2-B057-DCE380548E87}.Debug|Any CPU.Build.0 = Debug|Any CPU
		{C345BACC-4A8D-4BC2-B057-DCE380548E87}.Release|Any CPU.ActiveCfg = Release|Any CPU
		{C345BACC-4A8D-4BC2-B057-DCE380548E87}.Release|Any CPU.Build.0 = Release|Any CPU
	EndGlobalSection
	GlobalSection(SolutionProperties) = preSolution
		HideSolutionNode = FALSE
	EndGlobalSection
	GlobalSection(ExtensibilityGlobals) = postSolution
		SolutionGuid = {93822A58-0C69-4DDB-9AA7-CC39877F10C9}
	EndGlobalSection
EndGlobal
